[[package]]
name = "contextlib-chdir"
version = "1.0.2"
description = "Backport of contextlib.chdir stdlib class added in Python3.11."
category = "main"
optional = false
python-versions = ">=3.6,<4.0"

[[package]]
name = "importlib-metadata-argparse-version"
version = "0.1.0"
description = "Argparse action to define CLI version with a delayed call to importlib.metadata"
category = "main"
optional = false
python-versions = ">=3.7,<4.0"

[[package]]
name = "mdpo"
version = "1.0.0"
description = "Markdown files translation using PO files."
category = "main"
optional = false
python-versions = ">=3.7,<4.0"

[package.dependencies]
contextlib-chdir = ">=1.0.1,<2.0.0"
importlib-metadata-argparse-version = ">=0.1.0,<0.2.0"
polib = ">=1.1.0,<2.0.0"
pymd4c = ">=1.1.2,<1.2.0"

[[package]]
name = "polib"
version = "1.1.1"
description = "A library to manipulate gettext files (po and mo files)."
category = "main"
optional = false
python-versions = "*"

[[package]]
name = "pymd4c"
version = "1.1.2"
description = "Python bindings for MD4C"
category = "main"
optional = false
python-versions = ">=3.6"

[package.extras]
test = ["flake8", "pytest"]

[metadata]
lock-version = "1.1"
python-versions = "^3.10"
content-hash = "e0f659a1e1df92e1fd71f653e2657654334696f636c3f2d9588c17616aec1cfe"

[metadata.files]
contextlib-chdir = [
    {file = "contextlib-chdir-1.0.2.tar.gz", hash = "sha256:58406a71db00647fcccfc7e52e9e04e44d29eacf30400e7c0ba3b15f09d5f3fa"},
    {file = "contextlib_chdir-1.0.2-py3-none-any.whl", hash = "sha256:f72f7abd0f87c18a57aee30acf97659ca315157e50bd07e084b8737e0719de3c"},
]
importlib-metadata-argparse-version = [
    {file = "importlib-metadata-argparse-version-0.1.0.tar.gz", hash = "sha256:23bed556660cd5a88ccd89841b000a2b6f15a08a5fed3a560baddfc4b21f5cc0"},
    {file = "importlib_metadata_argparse_version-0.1.0-py3-none-any.whl", hash = "sha256:0c768864889198712aa766513d4e5ceded79d083179d7eaf39a86139a5576291"},
]
mdpo = [
    {file = "mdpo-1.0.0-py3-none-any.whl", hash = "sha256:c90bc73bd6a7642e76da3041be31511064ab0a8ef01462a88c3b45d19f50be63"},
    {file = "mdpo-1.0.0.tar.gz", hash = "sha256:082cb3f5b4000a059c0a03c00d8270fe9c162136498e5ae4d57740415e5896cc"},
]
polib = [
    {file = "polib-1.1.1-py2.py3-none-any.whl", hash = "sha256:d3ee85e0c6788f789353416b1612c6c92d75fe6ccfac0029711974d6abd0f86d"},
    {file = "polib-1.1.1.tar.gz", hash = "sha256:e02c355ae5e054912e3b0d16febc56510eff7e49d60bf22aecb463bd2f2a2dfa"},
]
pymd4c = [
    {file = "pymd4c-1.1.2-cp310-cp310-macosx_10_14_x86_64.whl", hash = "sha256:f38dcbe4d4faf832a23db88323ac3d36a08b6e1d7df1385bf46d45f789867bb4"},
    {file = "pymd4c-1.1.2-cp310-cp310-manylinux_2_17_x86_64.manylinux2014_x86_64.whl", hash = "sha256:ba4257180b7cabf271f765b61ae3ef69988621a49fddd3b9f22c62b69cbf42d5"},
    {file = "pymd4c-1.1.2-cp310-cp310-win_amd64.whl", hash = "sha256:8b65a3317ad60b029ea881b7c548ad103a845348b6cc3fd8fd6341e5a5672fdd"},
    {file = "pymd4c-1.1.2-cp36-cp36m-macosx_10_14_x86_64.whl", hash = "sha256:2c2cf9ba0b692d329ced3e7def2978cc0e759c5c6a49ee525be011874c84c19d"},
    {file = "pymd4c-1.1.2-cp36-cp36m-manylinux_2_17_x86_64.manylinux2014_x86_64.whl", hash = "sha256:8d61bad891469b23021eeb5109ef3841eb9533fa639b0f1cbd3bccc96f17cfd6"},
    {file = "pymd4c-1.1.2-cp36-cp36m-win_amd64.whl", hash = "sha256:024a1f0abbd1651bae64ed75fbf17780f7c1828e8c84cd4b980a12ed740560b5"},
    {file = "pymd4c-1.1.2-cp37-cp37m-macosx_10_14_x86_64.whl", hash = "sha256:adf9ea612914646aaaeffd391fa31f1a8ce562a707e4ff5666e62b8ce487e0ae"},
    {file = "pymd4c-1.1.2-cp37-cp37m-manylinux_2_17_x86_64.manylinux2014_x86_64.whl", hash = "sha256:2cfdc7f7bda024ff8de233d0345d446d719d64b6b63eb967c9b9d6599de934b2"},
    {file = "pymd4c-1.1.2-cp37-cp37m-win_amd64.whl", hash = "sha256:7de02e2c2133fe76aabda602f13363c6e95709bf9f0d2cf4bd9161066add586c"},
    {file = "pymd4c-1.1.2-cp38-cp38-macosx_10_14_x86_64.whl", hash = "sha256:82fbea69519d9ad89863137874058ffb300c9ccb7db99c64b70d73495db4edc8"},
    {file = "pymd4c-1.1.2-cp38-cp38-manylinux_2_17_x86_64.manylinux2014_x86_64.whl", hash = "sha256:ecba62ae51530d7eb4312ffe4968206c7e5b6419a7f764f48c5584dacf08788a"},
    {file = "pymd4c-1.1.2-cp38-cp38-win_amd64.whl", hash = "sha256:783d1dbe46e1e3b8d84f71c671c6db585ac4f2728430fd9c1c8a4cec79b18d0b"},
    {file = "pymd4c-1.1.2-cp39-cp39-macosx_10_14_x86_64.whl", hash = "sha256:d8c2c8045035837cae32e82915a7096d6dc2ab9ab0baffb70b00df428cf5896a"},
    {file = "pymd4c-1.1.2-cp39-cp39-manylinux_2_17_x86_64.manylinux2014_x86_64.whl", hash = "sha256:e6ac1708c1cad6d75dcf1ad24aae5e26708fd93bc41c471c463d2ca64d2313db"},
    {file = "pymd4c-1.1.2-cp39-cp39-win_amd64.whl", hash = "sha256:34e86faf4dc56da8a7a760915a1bcfd49ffbfdbedaa24a89348fe36f7274cff3"},
    {file = "pymd4c-1.1.2.tar.gz", hash = "sha256:cf3d4fc47c260250a415aa20c32771fbe06c60125d1ed5f2cd11ec7cab7121f9"},
]
